
Microsoft Visual Studio Solution File, Format Version 12.00
# Visual Studio Version 17
VisualStudioVersion = 17.0.31903.59
MinimumVisualStudioVersion = 10.0.40219.1
Project("{FAE04EC0-301F-11D3-BF4B-00C04F79EFBC}") = "API", "API\API.csproj", "{535E0669-D523-4982-95E0-B65255FD2BE8}"
EndProject
Project("{FAE04EC0-301F-11D3-BF4B-00C04F79EFBC}") = "Application", "Application\Application.csproj", "{E893297E-9810-455F-AAED-E182CEBADD4A}"
EndProject
Project("{FAE04EC0-301F-11D3-BF4B-00C04F79EFBC}") = "Domain", "Domain\Domain.csproj", "{99764DA2-3BD6-434D-9476-F04C995F6A5E}"
EndProject
Project("{FAE04EC0-301F-11D3-BF4B-00C04F79EFBC}") = "Infrastructure", "Infrastructure\Infrastructure.csproj", "{21184CDB-07F9-430D-B71E-00927F364B2A}"
EndProject
Project("{2150E333-8FDC-42A3-9474-1A3956D46DE8}") = "Tests", "Tests", "{0AB3BF05-4346-4AA6-1389-037BE0695223}"
EndProject
Project("{FAE04EC0-301F-11D3-BF4B-00C04F79EFBC}") = "Domain.Tests", "Tests\Domain.Tests\Domain.Tests.csproj", "{E7EB15DC-CD96-48EF-8C09-1F6B233D134E}"
EndProject
Project("{FAE04EC0-301F-11D3-BF4B-00C04F79EFBC}") = "Application.Tests", "Tests\Application.Tests\Application.Tests.csproj", "{A174B152-A503-4797-A6C6-29A5AD16E65A}"
EndProject
Project("{FAE04EC0-301F-11D3-BF4B-00C04F79EFBC}") = "Infrastructure.Tests", "Tests\Infrastructure.Tests\Infrastructure.Tests.csproj", "{16F299CD-E49D-4230-A4DD-DA45FC904B2D}"
EndProject
Project("{FAE04EC0-301F-11D3-BF4B-00C04F79EFBC}") = "API.Tests", "Tests\API.Tests\API.Tests.csproj", "{50AB9F27-ADD9-40AC-8684-406B4C174F73}"
EndProject
Global
	GlobalSection(SolutionConfigurationPlatforms) = preSolution
		Debug|Any CPU = Debug|Any CPU
		Debug|x64 = Debug|x64
		Debug|x86 = Debug|x86
		Release|Any CPU = Release|Any CPU
		Release|x64 = Release|x64
		Release|x86 = Release|x86
	EndGlobalSection
	GlobalSection(ProjectConfigurationPlatforms) = postSolution
		{535E0669-D523-4982-95E0-B65255FD2BE8}.Debug|Any CPU.ActiveCfg = Debug|Any CPU
		{535E0669-D523-4982-95E0-B65255FD2BE8}.Debug|Any CPU.Build.0 = Debug|Any CPU
		{535E0669-D523-4982-95E0-B65255FD2BE8}.Debug|x64.ActiveCfg = Debug|Any CPU
		{535E0669-D523-4982-95E0-B65255FD2BE8}.Debug|x64.Build.0 = Debug|Any CPU
		{535E0669-D523-4982-95E0-B65255FD2BE8}.Debug|x86.ActiveCfg = Debug|Any CPU
		{535E0669-D523-4982-95E0-B65255FD2BE8}.Debug|x86.Build.0 = Debug|Any CPU
		{535E0669-D523-4982-95E0-B65255FD2BE8}.Release|Any CPU.ActiveCfg = Release|Any CPU
		{535E0669-D523-4982-95E0-B65255FD2BE8}.Release|Any CPU.Build.0 = Release|Any CPU
		{535E0669-D523-4982-95E0-B65255FD2BE8}.Release|x64.ActiveCfg = Release|Any CPU
		{535E0669-D523-4982-95E0-B65255FD2BE8}.Release|x64.Build.0 = Release|Any CPU
		{535E0669-D523-4982-95E0-B65255FD2BE8}.Release|x86.ActiveCfg = Release|Any CPU
		{535E0669-D523-4982-95E0-B65255FD2BE8}.Release|x86.Build.0 = Release|Any CPU
		{E893297E-9810-455F-AAED-E182CEBADD4A}.Debug|Any CPU.ActiveCfg = Debug|Any CPU
		{E893297E-9810-455F-AAED-E182CEBADD4A}.Debug|Any CPU.Build.0 = Debug|Any CPU
		{E893297E-9810-455F-AAED-E182CEBADD4A}.Debug|x64.ActiveCfg = Debug|Any CPU
		{E893297E-9810-455F-AAED-E182CEBADD4A}.Debug|x64.Build.0 = Debug|Any CPU
		{E893297E-9810-455F-AAED-E182CEBADD4A}.Debug|x86.ActiveCfg = Debug|Any CPU
		{E893297E-9810-455F-AAED-E182CEBADD4A}.Debug|x86.Build.0 = Debug|Any CPU
		{E893297E-9810-455F-AAED-E182CEBADD4A}.Release|Any CPU.ActiveCfg = Release|Any CPU
		{E893297E-9810-455F-AAED-E182CEBADD4A}.Release|Any CPU.Build.0 = Release|Any CPU
		{E893297E-9810-455F-AAED-E182CEBADD4A}.Release|x64.ActiveCfg = Release|Any CPU
		{E893297E-9810-455F-AAED-E182CEBADD4A}.Release|x64.Build.0 = Release|Any CPU
		{E893297E-9810-455F-AAED-E182CEBADD4A}.Release|x86.ActiveCfg = Release|Any CPU
		{E893297E-9810-455F-AAED-E182CEBADD4A}.Release|x86.Build.0 = Release|Any CPU
		{99764DA2-3BD6-434D-9476-F04C995F6A5E}.Debug|Any CPU.ActiveCfg = Debug|Any CPU
		{99764DA2-3BD6-434D-9476-F04C995F6A5E}.Debug|Any CPU.Build.0 = Debug|Any CPU
		{99764DA2-3BD6-434D-9476-F04C995F6A5E}.Debug|x64.ActiveCfg = Debug|Any CPU
		{99764DA2-3BD6-434D-9476-F04C995F6A5E}.Debug|x64.Build.0 = Debug|Any CPU
		{99764DA2-3BD6-434D-9476-F04C995F6A5E}.Debug|x86.ActiveCfg = Debug|Any CPU
		{99764DA2-3BD6-434D-9476-F04C995F6A5E}.Debug|x86.Build.0 = Debug|Any CPU
		{99764DA2-3BD6-434D-9476-F04C995F6A5E}.Release|Any CPU.ActiveCfg = Release|Any CPU
		{99764DA2-3BD6-434D-9476-F04C995F6A5E}.Release|Any CPU.Build.0 = Release|Any CPU
		{99764DA2-3BD6-434D-9476-F04C995F6A5E}.Release|x64.ActiveCfg = Release|Any CPU
		{99764DA2-3BD6-434D-9476-F04C995F6A5E}.Release|x64.Build.0 = Release|Any CPU
		{99764DA2-3BD6-434D-9476-F04C995F6A5E}.Release|x86.ActiveCfg = Release|Any CPU
		{99764DA2-3BD6-434D-9476-F04C995F6A5E}.Release|x86.Build.0 = Release|Any CPU
		{21184CDB-07F9-430D-B71E-00927F364B2A}.Debug|Any CPU.ActiveCfg = Debug|Any CPU
		{21184CDB-07F9-430D-B71E-00927F364B2A}.Debug|Any CPU.Build.0 = Debug|Any CPU
		{21184CDB-07F9-430D-B71E-00927F364B2A}.Debug|x64.ActiveCfg = Debug|Any CPU
		{21184CDB-07F9-430D-B71E-00927F364B2A}.Debug|x64.Build.0 = Debug|Any CPU
		{21184CDB-07F9-430D-B71E-00927F364B2A}.Debug|x86.ActiveCfg = Debug|Any CPU
		{21184CDB-07F9-430D-B71E-00927F364B2A}.Debug|x86.Build.0 = Debug|Any CPU
		{21184CDB-07F9-430D-B71E-00927F364B2A}.Release|Any CPU.ActiveCfg = Release|Any CPU
		{21184CDB-07F9-430D-B71E-00927F364B2A}.Release|Any CPU.Build.0 = Release|Any CPU
		{21184CDB-07F9-430D-B71E-00927F364B2A}.Release|x64.ActiveCfg = Release|Any CPU
		{21184CDB-07F9-430D-B71E-00927F364B2A}.Release|x64.Build.0 = Release|Any CPU
		{21184CDB-07F9-430D-B71E-00927F364B2A}.Release|x86.ActiveCfg = Release|Any CPU
		{21184CDB-07F9-430D-B71E-00927F364B2A}.Release|x86.Build.0 = Release|Any CPU
		{E7EB15DC-CD96-48EF-8C09-1F6B233D134E}.Debug|Any CPU.ActiveCfg = Debug|Any CPU
		{E7EB15DC-CD96-48EF-8C09-1F6B233D134E}.Debug|Any CPU.Build.0 = Debug|Any CPU
		{E7EB15DC-CD96-48EF-8C09-1F6B233D134E}.Debug|x64.ActiveCfg = Debug|Any CPU
		{E7EB15DC-CD96-48EF-8C09-1F6B233D134E}.Debug|x64.Build.0 = Debug|Any CPU
		{E7EB15DC-CD96-48EF-8C09-1F6B233D134E}.Debug|x86.ActiveCfg = Debug|Any CPU
		{E7EB15DC-CD96-48EF-8C09-1F6B233D134E}.Debug|x86.Build.0 = Debug|Any CPU
		{E7EB15DC-CD96-48EF-8C09-1F6B233D134E}.Release|Any CPU.ActiveCfg = Release|Any CPU
		{E7EB15DC-CD96-48EF-8C09-1F6B233D134E}.Release|Any CPU.Build.0 = Release|Any CPU
		{E7EB15DC-CD96-48EF-8C09-1F6B233D134E}.Release|x64.ActiveCfg = Release|Any CPU
		{E7EB15DC-CD96-48EF-8C09-1F6B233D134E}.Release|x64.Build.0 = Release|Any CPU
		{E7EB15DC-CD96-48EF-8C09-1F6B233D134E}.Release|x86.ActiveCfg = Release|Any CPU
		{E7EB15DC-CD96-48EF-8C09-1F6B233D134E}.Release|x86.Build.0 = Release|Any CPU
		{A174B152-A503-4797-A6C6-29A5AD16E65A}.Debug|Any CPU.ActiveCfg = Debug|Any CPU
		{A174B152-A503-4797-A6C6-29A5AD16E65A}.Debug|Any CPU.Build.0 = Debug|Any CPU
		{A174B152-A503-4797-A6C6-29A5AD16E65A}.Debug|x64.ActiveCfg = Debug|Any CPU
		{A174B152-A503-4797-A6C6-29A5AD16E65A}.Debug|x64.Build.0 = Debug|Any CPU
		{A174B152-A503-4797-A6C6-29A5AD16E65A}.Debug|x86.ActiveCfg = Debug|Any CPU
		{A174B152-A503-4797-A6C6-29A5AD16E65A}.Debug|x86.Build.0 = Debug|Any CPU
		{A174B152-A503-4797-A6C6-29A5AD16E65A}.Release|Any CPU.ActiveCfg = Release|Any CPU
		{A174B152-A503-4797-A6C6-29A5AD16E65A}.Release|Any CPU.Build.0 = Release|Any CPU
		{A174B152-A503-4797-A6C6-29A5AD16E65A}.Release|x64.ActiveCfg = Release|Any CPU
		{A174B152-A503-4797-A6C6-29A5AD16E65A}.Release|x64.Build.0 = Release|Any CPU
		{A174B152-A503-4797-A6C6-29A5AD16E65A}.Release|x86.ActiveCfg = Release|Any CPU
		{A174B152-A503-4797-A6C6-29A5AD16E65A}.Release|x86.Build.0 = Release|Any CPU
		{16F299CD-E49D-4230-A4DD-DA45FC904B2D}.Debug|Any CPU.ActiveCfg = Debug|Any CPU
		{16F299CD-E49D-4230-A4DD-DA45FC904B2D}.Debug|Any CPU.Build.0 = Debug|Any CPU
		{16F299CD-E49D-4230-A4DD-DA45FC904B2D}.Debug|x64.ActiveCfg = Debug|Any CPU
		{16F299CD-E49D-4230-A4DD-DA45FC904B2D}.Debug|x64.Build.0 = Debug|Any CPU
		{16F299CD-E49D-4230-A4DD-DA45FC904B2D}.Debug|x86.ActiveCfg = Debug|Any CPU
		{16F299CD-E49D-4230-A4DD-DA45FC904B2D}.Debug|x86.Build.0 = Debug|Any CPU
		{16F299CD-E49D-4230-A4DD-DA45FC904B2D}.Release|Any CPU.ActiveCfg = Release|Any CPU
		{16F299CD-E49D-4230-A4DD-DA45FC904B2D}.Release|Any CPU.Build.0 = Release|Any CPU
		{16F299CD-E49D-4230-A4DD-DA45FC904B2D}.Release|x64.ActiveCfg = Release|Any CPU
		{16F299CD-E49D-4230-A4DD-DA45FC904B2D}.Release|x64.Build.0 = Release|Any CPU
		{16F299CD-E49D-4230-A4DD-DA45FC904B2D}.Release|x86.ActiveCfg = Release|Any CPU
		{16F299CD-E49D-4230-A4DD-DA45FC904B2D}.Release|x86.Build.0 = Release|Any CPU
		{50AB9F27-ADD9-40AC-8684-406B4C174F73}.Debug|Any CPU.ActiveCfg = Debug|Any CPU
		{50AB9F27-ADD9-40AC-8684-406B4C174F73}.Debug|Any CPU.Build.0 = Debug|Any CPU
		{50AB9F27-ADD9-40AC-8684-406B4C174F73}.Debug|x64.ActiveCfg = Debug|Any CPU
		{50AB9F27-ADD9-40AC-8684-406B4C174F73}.Debug|x64.Build.0 = Debug|Any CPU
		{50AB9F27-ADD9-40AC-8684-406B4C174F73}.Debug|x86.ActiveCfg = Debug|Any CPU
		{50AB9F27-ADD9-40AC-8684-406B4C174F73}.Debug|x86.Build.0 = Debug|Any CPU
		{50AB9F27-ADD9-40AC-8684-406B4C174F73}.Release|Any CPU.ActiveCfg = Release|Any CPU
		{50AB9F27-ADD9-40AC-8684-406B4C174F73}.Release|Any CPU.Build.0 = Release|Any CPU
		{50AB9F27-ADD9-40AC-8684-406B4C174F73}.Release|x64.ActiveCfg = Release|Any CPU
		{50AB9F27-ADD9-40AC-8684-406B4C174F73}.Release|x64.Build.0 = Release|Any CPU
		{50AB9F27-ADD9-40AC-8684-406B4C174F73}.Release|x86.ActiveCfg = Release|Any CPU
		{50AB9F27-ADD9-40AC-8684-406B4C174F73}.Release|x86.Build.0 = Release|Any CPU
	EndGlobalSection
	GlobalSection(SolutionProperties) = preSolution
		HideSolutionNode = FALSE
	EndGlobalSection
	GlobalSection(NestedProjects) = preSolution
		{E7EB15DC-CD96-48EF-8C09-1F6B233D134E} = {0AB3BF05-4346-4AA6-1389-037BE0695223}
		{A174B152-A503-4797-A6C6-29A5AD16E65A} = {0AB3BF05-4346-4AA6-1389-037BE0695223}
		{16F299CD-E49D-4230-A4DD-DA45FC904B2D} = {0AB3BF05-4346-4AA6-1389-037BE0695223}
		{50AB9F27-ADD9-40AC-8684-406B4C174F73} = {0AB3BF05-4346-4AA6-1389-037BE0695223}
	EndGlobalSection
EndGlobal
